
Microsoft Visual Studio Solution File, Format Version 12.00
# Visual Studio Version 17
VisualStudioVersion = 17.1.32407.343
MinimumVisualStudioVersion = 10.0.40219.1
Project("{FAE04EC0-301F-11D3-BF4B-00C04F79EFBC}") = "Syntax Sugar", "Syntax Sugar\Syntax Sugar.csproj", "{9EE015EB-55EA-4490-85F0-46D0EDFC56B9}"
EndProject
Global
	GlobalSection(SolutionConfigurationPlatforms) = preSolution
		Debug|Any CPU = Debug|Any CPU
		Release|Any CPU = Release|Any CPU
	EndGlobalSection
	GlobalSection(ProjectConfigurationPlatforms) = postSolution
		{9EE015EB-55EA-4490-85F0-46D0EDFC56B9}.Debug|Any CPU.ActiveCfg = Debug|Any CPU
		{9EE015EB-55EA-4490-85F0-46D0EDFC56B9}.Debug|Any CPU.Build.0 = Debug|Any CPU
		{9EE015EB-55EA-4490-85F0-46D0EDFC56B9}.Release|Any CPU.ActiveCfg = Release|Any CPU
		{9EE015EB-55EA-4490-85F0-46D0EDFC56B9}.Release|Any CPU.Build.0 = Release|Any CPU
	EndGlobalSection
	GlobalSection(SolutionProperties) = preSolution
		HideSolutionNode = FALSE
	EndGlobalSection
	GlobalSection(ExtensibilityGlobals) = postSolution
		SolutionGuid = {410A08BF-D81E-499D-994E-DC50F6A54EC6}
	EndGlobalSection
EndGlobal
